
Microsoft Visual Studio Solution File, Format Version 12.00
# Visual Studio 14
VisualStudioVersion = 14.0.25420.1
MinimumVisualStudioVersion = 10.0.40219.1
Project("{2150E333-8FDC-42A3-9474-1A3956D46DE8}") = "src", "src", "{A1B361DF-531B-4C55-8F15-FD15273DAF8D}"
EndProject
Project("{2150E333-8FDC-42A3-9474-1A3956D46DE8}") = "Solution Items", "Solution Items", "{25918853-32D8-4ED1-828C-6D94BDC6F1D0}"
	ProjectSection(SolutionItems) = preProject
		.travis.yml = .travis.yml
		global.json = global.json
		README.md = README.md
	EndProjectSection
EndProject
Project("{8BB2217D-0F2D-49D1-97BC-3654ED321F3B}") = "Peachpie.PDO", "src\Peachpie.PDO\Peachpie.PDO.xproj", "{0610FA55-28F8-48F4-82C0-511849933C31}"
EndProject
Project("{8BB2217D-0F2D-49D1-97BC-3654ED321F3B}") = "Peachpie.PDO.MySQL", "src\Peachpie.PDO.MySQL\Peachpie.PDO.MySQL.xproj", "{267D8677-AE2C-4626-9B60-FC99BB5F2348}"
EndProject
Project("{8BB2217D-0F2D-49D1-97BC-3654ED321F3B}") = "Peachpie.PDO.Sqlite", "src\Peachpie.PDO.Sqlite\Peachpie.PDO.Sqlite.xproj", "{A68A334F-95BB-4E1A-9384-D372987DF2D7}"
EndProject
Project("{8BB2217D-0F2D-49D1-97BC-3654ED321F3B}") = "Peachpie.PDO.Test.Website", "src\Peachpie.PDO.Test.Website\Peachpie.PDO.Test.Website.xproj", "{4353F37F-E8DC-4276-B65F-40D45EE03897}"
EndProject
Project("{8BB2217D-0F2D-49D1-97BC-3654ED321F3B}") = "Peachpie.PDO.Test.App", "src\Peachpie.PDO.Test.App\Peachpie.PDO.Test.App.xproj", "{77AD346E-0CB1-4E27-83CE-5AF2FF507D4D}"
EndProject
Project("{8BB2217D-0F2D-49D1-97BC-3654ED321F3B}") = "Peachpie.PDO.Pgsql", "src\Peachpie.PDO.Pgsql\Peachpie.PDO.Pgsql.xproj", "{FBCB3340-54EF-4792-BC1D-1F7BED42024E}"
EndProject
Project("{8BB2217D-0F2D-49D1-97BC-3654ED321F3B}") = "Peachpie.PDO.Application", "src\Peachpie.PDO.Application\Peachpie.PDO.Application.xproj", "{8DBC8930-B49C-4132-B57D-97987A9D1E2B}"
EndProject
Project("{2150E333-8FDC-42A3-9474-1A3956D46DE8}") = "test", "test", "{FFDCFBDB-85E7-4372-AA9C-AFE0A70E86CA}"
EndProject
Project("{8BB2217D-0F2D-49D1-97BC-3654ED321F3B}") = "Peachpie.PDO.Test", "test\Peachpie.PDO.Test\Peachpie.PDO.Test.xproj", "{DA9F5C06-54C0-4E2E-BD4B-9F2B665F6CC5}"
EndProject
Global
	GlobalSection(SolutionConfigurationPlatforms) = preSolution
		Debug|Any CPU = Debug|Any CPU
		Release|Any CPU = Release|Any CPU
	EndGlobalSection
	GlobalSection(ProjectConfigurationPlatforms) = postSolution
		{0610FA55-28F8-48F4-82C0-511849933C31}.Debug|Any CPU.ActiveCfg = Debug|Any CPU
		{0610FA55-28F8-48F4-82C0-511849933C31}.Debug|Any CPU.Build.0 = Debug|Any CPU
		{0610FA55-28F8-48F4-82C0-511849933C31}.Release|Any CPU.ActiveCfg = Release|Any CPU
		{0610FA55-28F8-48F4-82C0-511849933C31}.Release|Any CPU.Build.0 = Release|Any CPU
		{267D8677-AE2C-4626-9B60-FC99BB5F2348}.Debug|Any CPU.ActiveCfg = Debug|Any CPU
		{267D8677-AE2C-4626-9B60-FC99BB5F2348}.Debug|Any CPU.Build.0 = Debug|Any CPU
		{267D8677-AE2C-4626-9B60-FC99BB5F2348}.Release|Any CPU.ActiveCfg = Release|Any CPU
		{267D8677-AE2C-4626-9B60-FC99BB5F2348}.Release|Any CPU.Build.0 = Release|Any CPU
		{A68A334F-95BB-4E1A-9384-D372987DF2D7}.Debug|Any CPU.ActiveCfg = Debug|Any CPU
		{A68A334F-95BB-4E1A-9384-D372987DF2D7}.Debug|Any CPU.Build.0 = Debug|Any CPU
		{A68A334F-95BB-4E1A-9384-D372987DF2D7}.Release|Any CPU.ActiveCfg = Release|Any CPU
		{A68A334F-95BB-4E1A-9384-D372987DF2D7}.Release|Any CPU.Build.0 = Release|Any CPU
		{4353F37F-E8DC-4276-B65F-40D45EE03897}.Debug|Any CPU.ActiveCfg = Debug|Any CPU
		{4353F37F-E8DC-4276-B65F-40D45EE03897}.Debug|Any CPU.Build.0 = Debug|Any CPU
		{4353F37F-E8DC-4276-B65F-40D45EE03897}.Release|Any CPU.ActiveCfg = Release|Any CPU
		{4353F37F-E8DC-4276-B65F-40D45EE03897}.Release|Any CPU.Build.0 = Release|Any CPU
		{77AD346E-0CB1-4E27-83CE-5AF2FF507D4D}.Debug|Any CPU.ActiveCfg = Debug|Any CPU
		{77AD346E-0CB1-4E27-83CE-5AF2FF507D4D}.Debug|Any CPU.Build.0 = Debug|Any CPU
		{77AD346E-0CB1-4E27-83CE-5AF2FF507D4D}.Release|Any CPU.ActiveCfg = Release|Any CPU
		{77AD346E-0CB1-4E27-83CE-5AF2FF507D4D}.Release|Any CPU.Build.0 = Release|Any CPU
		{FBCB3340-54EF-4792-BC1D-1F7BED42024E}.Debug|Any CPU.ActiveCfg = Debug|Any CPU
		{FBCB3340-54EF-4792-BC1D-1F7BED42024E}.Debug|Any CPU.Build.0 = Debug|Any CPU
		{FBCB3340-54EF-4792-BC1D-1F7BED42024E}.Release|Any CPU.ActiveCfg = Release|Any CPU
		{FBCB3340-54EF-4792-BC1D-1F7BED42024E}.Release|Any CPU.Build.0 = Release|Any CPU
		{8DBC8930-B49C-4132-B57D-97987A9D1E2B}.Debug|Any CPU.ActiveCfg = Debug|Any CPU
		{8DBC8930-B49C-4132-B57D-97987A9D1E2B}.Debug|Any CPU.Build.0 = Debug|Any CPU
		{8DBC8930-B49C-4132-B57D-97987A9D1E2B}.Release|Any CPU.ActiveCfg = Release|Any CPU
		{8DBC8930-B49C-4132-B57D-97987A9D1E2B}.Release|Any CPU.Build.0 = Release|Any CPU
		{DA9F5C06-54C0-4E2E-BD4B-9F2B665F6CC5}.Debug|Any CPU.ActiveCfg = Debug|Any CPU
		{DA9F5C06-54C0-4E2E-BD4B-9F2B665F6CC5}.Debug|Any CPU.Build.0 = Debug|Any CPU
		{DA9F5C06-54C0-4E2E-BD4B-9F2B665F6CC5}.Release|Any CPU.ActiveCfg = Release|Any CPU
		{DA9F5C06-54C0-4E2E-BD4B-9F2B665F6CC5}.Release|Any CPU.Build.0 = Release|Any CPU
	EndGlobalSection
	GlobalSection(SolutionProperties) = preSolution
		HideSolutionNode = FALSE
	EndGlobalSection
	GlobalSection(NestedProjects) = preSolution
		{0610FA55-28F8-48F4-82C0-511849933C31} = {A1B361DF-531B-4C55-8F15-FD15273DAF8D}
		{267D8677-AE2C-4626-9B60-FC99BB5F2348} = {A1B361DF-531B-4C55-8F15-FD15273DAF8D}
		{A68A334F-95BB-4E1A-9384-D372987DF2D7} = {A1B361DF-531B-4C55-8F15-FD15273DAF8D}
		{4353F37F-E8DC-4276-B65F-40D45EE03897} = {A1B361DF-531B-4C55-8F15-FD15273DAF8D}
		{77AD346E-0CB1-4E27-83CE-5AF2FF507D4D} = {A1B361DF-531B-4C55-8F15-FD15273DAF8D}
		{FBCB3340-54EF-4792-BC1D-1F7BED42024E} = {A1B361DF-531B-4C55-8F15-FD15273DAF8D}
		{8DBC8930-B49C-4132-B57D-97987A9D1E2B} = {A1B361DF-531B-4C55-8F15-FD15273DAF8D}
		{DA9F5C06-54C0-4E2E-BD4B-9F2B665F6CC5} = {FFDCFBDB-85E7-4372-AA9C-AFE0A70E86CA}
	EndGlobalSection
EndGlobal
